
Microsoft Visual Studio Solution File, Format Version 12.00
# Visual Studio Version 17
VisualStudioVersion = 17.9.34728.123
MinimumVisualStudioVersion = 10.0.40219.1
Project("{FAE04EC0-301F-11D3-BF4B-00C04F79EFBC}") = "Assignment1.4", "Assignment1.4.csproj", "{265C4908-AB81-439E-8DE9-01AFCEB22F8B}"
EndProject
Global
	GlobalSection(SolutionConfigurationPlatforms) = preSolution
		Debug|Any CPU = Debug|Any CPU
		Release|Any CPU = Release|Any CPU
	EndGlobalSection
	GlobalSection(ProjectConfigurationPlatforms) = postSolution
		{265C4908-AB81-439E-8DE9-01AFCEB22F8B}.Debug|Any CPU.ActiveCfg = Debug|Any CPU
		{265C4908-AB81-439E-8DE9-01AFCEB22F8B}.Debug|Any CPU.Build.0 = Debug|Any CPU
		{265C4908-AB81-439E-8DE9-01AFCEB22F8B}.Release|Any CPU.ActiveCfg = Release|Any CPU
		{265C4908-AB81-439E-8DE9-01AFCEB22F8B}.Release|Any CPU.Build.0 = Release|Any CPU
	EndGlobalSection
	GlobalSection(SolutionProperties) = preSolution
		HideSolutionNode = FALSE
	EndGlobalSection
	GlobalSection(ExtensibilityGlobals) = postSolution
		SolutionGuid = {ED70088B-3B2F-4F6D-A792-8043125E063E}
	EndGlobalSection
EndGlobal
